# This file is @generated by PDM.
# It is not intended for manual editing.

[metadata]
groups = ["default", "dev"]
strategy = ["inherit_metadata"]
lock_version = "4.5.0"
content_hash = "sha256:3cc6097fe78bf04da7612a6ef2808c899e46fc692bba422e97ecf6a065f24a04"

[[metadata.targets]]
requires_python = "==3.12.*"

[[package]]
name = "anyio"
version = "4.6.2.post1"
requires_python = ">=3.9"
summary = "High level compatibility layer for multiple asynchronous event loop implementations"
groups = ["default"]
dependencies = [
    "exceptiongroup>=1.0.2; python_version < \"3.11\"",
    "idna>=2.8",
    "sniffio>=1.1",
    "typing-extensions>=4.1; python_version < \"3.11\"",
]
files = [
    {file = "anyio-4.6.2.post1-py3-none-any.whl", hash = "sha256:6d170c36fba3bdd840c73d3868c1e777e33676a69c3a72cf0a0d5d6d8009b61d"},
    {file = "anyio-4.6.2.post1.tar.gz", hash = "sha256:4c8bc31ccdb51c7f7bd251f51c609e038d63e34219b44aa86e47576389880b4c"},
]

[[package]]
name = "certifi"
version = "2024.8.30"
requires_python = ">=3.6"
summary = "Python package for providing Mozilla's CA Bundle."
groups = ["default"]
files = [
    {file = "certifi-2024.8.30-py3-none-any.whl", hash = "sha256:922820b53db7a7257ffbda3f597266d435245903d80737e34f8a45ff3e3230d8"},
    {file = "certifi-2024.8.30.tar.gz", hash = "sha256:bec941d2aa8195e248a60b31ff9f0558284cf01a52591ceda73ea9afffd69fd9"},
]

[[package]]
name = "click"
version = "8.1.7"
requires_python = ">=3.7"
summary = "Composable command line interface toolkit"
groups = ["default"]
dependencies = [
    "colorama; platform_system == \"Windows\"",
    "importlib-metadata; python_version < \"3.8\"",
]
files = [
    {file = "click-8.1.7-py3-none-any.whl", hash = "sha256:ae74fb96c20a0277a1d615f1e4d73c8414f5a98db8b799a7931d1582f3390c28"},
    {file = "click-8.1.7.tar.gz", hash = "sha256:ca9853ad459e787e2192211578cc907e7594e294c7ccc834310722b41b9ca6de"},
]

[[package]]
name = "colorama"
version = "0.4.6"
requires_python = "!=3.0.*,!=3.1.*,!=3.2.*,!=3.3.*,!=3.4.*,!=3.5.*,!=3.6.*,>=2.7"
summary = "Cross-platform colored terminal text."
groups = ["default"]
marker = "platform_system == \"Windows\""
files = [
    {file = "colorama-0.4.6-py2.py3-none-any.whl", hash = "sha256:4f1d9991f5acc0ca119f9d443620b77f9d6b33703e51011c16baf57afb285fc6"},
    {file = "colorama-0.4.6.tar.gz", hash = "sha256:08695f5cb7ed6e0531a20572697297273c47b8cae5a63ffc6d6ed5c201be6e44"},
]

[[package]]
name = "h11"
version = "0.14.0"
requires_python = ">=3.7"
summary = "A pure-Python, bring-your-own-I/O implementation of HTTP/1.1"
groups = ["default"]
dependencies = [
    "typing-extensions; python_version < \"3.8\"",
]
files = [
    {file = "h11-0.14.0-py3-none-any.whl", hash = "sha256:e3fe4ac4b851c468cc8363d500db52c2ead036020723024a109d37346efaa761"},
    {file = "h11-0.14.0.tar.gz", hash = "sha256:8f19fbbe99e72420ff35c00b27a34cb9937e902a8b810e2c88300c6f0a3b699d"},
]

[[package]]
name = "httpcore"
version = "1.0.7"
requires_python = ">=3.8"
summary = "A minimal low-level HTTP client."
groups = ["default"]
dependencies = [
    "certifi",
    "h11<0.15,>=0.13",
]
files = [
    {file = "httpcore-1.0.7-py3-none-any.whl", hash = "sha256:a3fff8f43dc260d5bd363d9f9cf1830fa3a458b332856f34282de498ed420edd"},
    {file = "httpcore-1.0.7.tar.gz", hash = "sha256:8551cb62a169ec7162ac7be8d4817d561f60e08eaa485234898414bb5a8a0b4c"},
]

[[package]]
name = "httpx"
version = "0.27.2"
requires_python = ">=3.8"
summary = "The next generation HTTP client."
groups = ["default"]
dependencies = [
    "anyio",
    "certifi",
    "httpcore==1.*",
    "idna",
    "sniffio",
]
files = [
    {file = "httpx-0.27.2-py3-none-any.whl", hash = "sha256:7bb2708e112d8fdd7829cd4243970f0c223274051cb35ee80c03301ee29a3df0"},
    {file = "httpx-0.27.2.tar.gz", hash = "sha256:f7c2be1d2f3c3c3160d441802406b206c2b76f5947b11115e6df10c6c65e66c2"},
]

[[package]]
name = "idna"
version = "3.10"
requires_python = ">=3.6"
summary = "Internationalized Domain Names in Applications (IDNA)"
groups = ["default"]
files = [
    {file = "idna-3.10-py3-none-any.whl", hash = "sha256:946d195a0d259cbba61165e88e65941f16e9b36ea6ddb97f00452bae8b1287d3"},
    {file = "idna-3.10.tar.gz", hash = "sha256:12f65c9b470abda6dc35cf8e63cc574b1c52b11df2c86030af0ac09b01b13ea9"},
]

[[package]]
name = "ludic"
version = "0.5.2"
requires_python = ">=3.12"
summary = "Lightweight framework for building dynamic HTML pages in pure Python."
groups = ["default"]
dependencies = [
    "typing-extensions>=4.9.0",
]
files = [
    {file = "ludic-0.5.2-py3-none-any.whl", hash = "sha256:fc0a74d281391447cf5efd750a6141d15a6f56cf2c0b9ce27fd0f9e66752fd03"},
    {file = "ludic-0.5.2.tar.gz", hash = "sha256:9c2edd977161adf6bff8278f308cc7c3b08bbf5ba2cd136ec29969c8bf33e9db"},
]

[[package]]
name = "ludic"
version = "0.5.2"
extras = ["full"]
requires_python = ">=3.12"
summary = "Lightweight framework for building dynamic HTML pages in pure Python."
groups = ["default"]
dependencies = [
    "ludic==0.5.2",
    "pygments",
    "python-multipart>=0.0.9",
    "starlette",
    "typeguard>=4.1.5",
]
files = [
    {file = "ludic-0.5.2-py3-none-any.whl", hash = "sha256:fc0a74d281391447cf5efd750a6141d15a6f56cf2c0b9ce27fd0f9e66752fd03"},
    {file = "ludic-0.5.2.tar.gz", hash = "sha256:9c2edd977161adf6bff8278f308cc7c3b08bbf5ba2cd136ec29969c8bf33e9db"},
]

[[package]]
name = "mypy"
version = "1.13.0"
requires_python = ">=3.8"
summary = "Optional static typing for Python"
groups = ["dev"]
dependencies = [
    "mypy-extensions>=1.0.0",
    "tomli>=1.1.0; python_version < \"3.11\"",
    "typing-extensions>=4.6.0",
]
files = [
    {file = "mypy-1.13.0-cp312-cp312-macosx_10_13_x86_64.whl", hash = "sha256:5c7051a3461ae84dfb5dd15eff5094640c61c5f22257c8b766794e6dd85e72d5"},
    {file = "mypy-1.13.0-cp312-cp312-macosx_11_0_arm64.whl", hash = "sha256:39bb21c69a5d6342f4ce526e4584bc5c197fd20a60d14a8624d8743fffb9472e"},
    {file = "mypy-1.13.0-cp312-cp312-manylinux_2_17_x86_64.manylinux2014_x86_64.manylinux_2_28_x86_64.whl", hash = "sha256:164f28cb9d6367439031f4c81e84d3ccaa1e19232d9d05d37cb0bd880d3f93c2"},
    {file = "mypy-1.13.0-cp312-cp312-musllinux_1_1_x86_64.whl", hash = "sha256:a4c1bfcdbce96ff5d96fc9b08e3831acb30dc44ab02671eca5953eadad07d6d0"},
    {file = "mypy-1.13.0-cp312-cp312-win_amd64.whl", hash = "sha256:a0affb3a79a256b4183ba09811e3577c5163ed06685e4d4b46429a271ba174d2"},
    {file = "mypy-1.13.0-py3-none-any.whl", hash = "sha256:9c250883f9fd81d212e0952c92dbfcc96fc237f4b7c92f56ac81fd48460b3e5a"},
    {file = "mypy-1.13.0.tar.gz", hash = "sha256:0291a61b6fbf3e6673e3405cfcc0e7650bebc7939659fdca2702958038bd835e"},
]

[[package]]
name = "mypy-extensions"
version = "1.0.0"
requires_python = ">=3.5"
summary = "Type system extensions for programs checked with the mypy type checker."
groups = ["dev"]
files = [
    {file = "mypy_extensions-1.0.0-py3-none-any.whl", hash = "sha256:4392f6c0eb8a5668a69e23d168ffa70f0be9ccfd32b5cc2d26a34ae5b844552d"},
    {file = "mypy_extensions-1.0.0.tar.gz", hash = "sha256:75dbf8955dc00442a438fc4d0666508a9a97b6bd41aa2f0ffe9d2f2725af0782"},
]

[[package]]
name = "pygments"
version = "2.18.0"
requires_python = ">=3.8"
summary = "Pygments is a syntax highlighting package written in Python."
groups = ["default"]
files = [
    {file = "pygments-2.18.0-py3-none-any.whl", hash = "sha256:b8e6aca0523f3ab76fee51799c488e38782ac06eafcf95e7ba832985c8e7b13a"},
    {file = "pygments-2.18.0.tar.gz", hash = "sha256:786ff802f32e91311bff3889f6e9a86e81505fe99f2735bb6d60ae0c5004f199"},
]

[[package]]
name = "pyproject-fmt"
version = "2.5.0"
requires_python = ">=3.9"
summary = "Format your pyproject.toml file"
groups = ["dev"]
dependencies = [
    "toml-fmt-common==1.0.1",
]
files = [
    {file = "pyproject_fmt-2.5.0-cp38-abi3-macosx_10_12_x86_64.whl", hash = "sha256:11edba796d0662b65f9f4a840beacea740e7b79887f2fcdeed96204efffaa646"},
    {file = "pyproject_fmt-2.5.0-cp38-abi3-macosx_11_0_arm64.whl", hash = "sha256:e0294c4d7068bc9e84dbbd3486c7c9fe9fa0ce92218a70437be093fa61a7fb50"},
    {file = "pyproject_fmt-2.5.0-cp38-abi3-manylinux_2_17_aarch64.manylinux2014_aarch64.whl", hash = "sha256:67312119c0b9471c317a36343382a83418089e9b60345a3a5a10a4052c687aa5"},
    {file = "pyproject_fmt-2.5.0-cp38-abi3-manylinux_2_17_armv7l.manylinux2014_armv7l.whl", hash = "sha256:363196a52555fce40219bed5508558ef6f2f8d1b69fef8b8152b3bb702ff68bc"},
    {file = "pyproject_fmt-2.5.0-cp38-abi3-manylinux_2_17_ppc64le.manylinux2014_ppc64le.whl", hash = "sha256:8931afe2200a888c63cc3df58642875ff1665bd47325bd25973fc75240d176cd"},
    {file = "pyproject_fmt-2.5.0-cp38-abi3-manylinux_2_17_s390x.manylinux2014_s390x.whl", hash = "sha256:4cbd9b88cd2f2e9e692cdf81c25a840252fae25268cf941e00f86c2b46f39b9c"},
    {file = "pyproject_fmt-2.5.0-cp38-abi3-manylinux_2_17_x86_64.manylinux2014_x86_64.whl", hash = "sha256:a167bb8598801e16dd69fe96530da843dffce83843a4b4fd52b91793399b1c7b"},
    {file = "pyproject_fmt-2.5.0-cp38-abi3-manylinux_2_5_i686.manylinux1_i686.whl", hash = "sha256:26977429b90a6087e9e6baf459fae8e2f19f76aea4539315f3fd20b7da50c97c"},
    {file = "pyproject_fmt-2.5.0-cp38-abi3-musllinux_1_1_i686.whl", hash = "sha256:96e5c7e9d253eba89f55734c754d32b7e3e1b633d6259841c559c1df51883eae"},
    {file = "pyproject_fmt-2.5.0-cp38-abi3-musllinux_1_1_x86_64.whl", hash = "sha256:2bf6b77aa68260614b324000c2cd0b0f767409d2ca8d94b14b714fdcf4c58869"},
    {file = "pyproject_fmt-2.5.0-cp38-abi3-win32.whl", hash = "sha256:1a0779aa959cbbffcf61a093190ad61eb858b99084c21324f1af8199c7f6ac20"},
    {file = "pyproject_fmt-2.5.0-cp38-abi3-win_amd64.whl", hash = "sha256:443f31e5774d90c9325068f63d662d86bf36913d7ee581ec63a63f82945f0c00"},
    {file = "pyproject_fmt-2.5.0.tar.gz", hash = "sha256:d8d9064bf740cda9b30386fc40f34deb8014a9a59f10e89bfb991df4c9dcbf15"},
]

[[package]]
name = "pyside6"
version = "6.7.3"
requires_python = "<3.13,>=3.9"
summary = "Python bindings for the Qt cross-platform application and UI framework"
groups = ["default"]
dependencies = [
    "PySide6-Addons==6.7.3",
    "PySide6-Essentials==6.7.3",
    "shiboken6==6.7.3",
]
files = [
    {file = "PySide6-6.7.3-cp39-abi3-macosx_11_0_universal2.whl", hash = "sha256:1c21c4cf6cdd29bd13bbd7a2514756a19188eab992b92af03e64bf06a9b33d5b"},
    {file = "PySide6-6.7.3-cp39-abi3-manylinux_2_28_x86_64.whl", hash = "sha256:a21480cc746358f70768975fcc452322f03b3c3622625bfb1743b40ce4e24beb"},
    {file = "PySide6-6.7.3-cp39-abi3-manylinux_2_31_aarch64.whl", hash = "sha256:c2a1313296c0088d1c3d231d0a8ccf0eda52b84139d0c4065fded76e4a4378f4"},
    {file = "PySide6-6.7.3-cp39-abi3-win_amd64.whl", hash = "sha256:3ac8dcb4ca82d276e319f89dd99098b01061f255a2b9104216504aece5e0faf8"},
]

[[package]]
name = "pyside6-addons"
version = "6.7.3"
requires_python = "<3.13,>=3.9"
summary = "Python bindings for the Qt cross-platform application and UI framework (Addons)"
groups = ["default"]
dependencies = [
    "PySide6-Essentials==6.7.3",
    "shiboken6==6.7.3",
]
files = [
    {file = "PySide6_Addons-6.7.3-cp39-abi3-macosx_11_0_universal2.whl", hash = "sha256:3174cb3a373c09c98740b452e8e8f4945d64cfa18ed8d43964111d570f0dc647"},
    {file = "PySide6_Addons-6.7.3-cp39-abi3-manylinux_2_28_x86_64.whl", hash = "sha256:bde1eb03dbffd089b50cd445847aaecaf4056cea84c49ea592d00f84f247251e"},
    {file = "PySide6_Addons-6.7.3-cp39-abi3-manylinux_2_31_aarch64.whl", hash = "sha256:5a9e0df31345fe6caea677d916ea48b53ba86f95cc6499c57f89e392447ad6db"},
    {file = "PySide6_Addons-6.7.3-cp39-abi3-win_amd64.whl", hash = "sha256:d8a19c2b2446407724c81c33ebf3217eaabd092f0f72da8130c17079e04a7813"},
]

[[package]]
name = "pyside6-essentials"
version = "6.7.3"
requires_python = "<3.13,>=3.9"
summary = "Python bindings for the Qt cross-platform application and UI framework (Essentials)"
groups = ["default"]
dependencies = [
    "shiboken6==6.7.3",
]
files = [
    {file = "PySide6_Essentials-6.7.3-cp39-abi3-macosx_11_0_universal2.whl", hash = "sha256:f9e08a4e9e7dc7b5ab72fde20abce8c97df7af1b802d9743f098f577dfe1f649"},
    {file = "PySide6_Essentials-6.7.3-cp39-abi3-manylinux_2_28_x86_64.whl", hash = "sha256:cda6fd26aead48f32e57f044d18aa75dc39265b49d7957f515ce7ac3989e7029"},
    {file = "PySide6_Essentials-6.7.3-cp39-abi3-manylinux_2_31_aarch64.whl", hash = "sha256:acdde06b74f26e7d26b4ae1461081b32a6cb17fcaa2a580050b5e0f0f12236c9"},
    {file = "PySide6_Essentials-6.7.3-cp39-abi3-win_amd64.whl", hash = "sha256:f0950fcdcbcd4f2443336dc6a5fe692172adc225f876839583503ded0ab2f2a7"},
]

[[package]]
name = "python-dotenv"
version = "1.0.1"
requires_python = ">=3.8"
summary = "Read key-value pairs from a .env file and set them as environment variables"
groups = ["default"]
files = [
    {file = "python-dotenv-1.0.1.tar.gz", hash = "sha256:e324ee90a023d808f1959c46bcbc04446a10ced277783dc6ee09987c37ec10ca"},
    {file = "python_dotenv-1.0.1-py3-none-any.whl", hash = "sha256:f7b63ef50f1b690dddf550d03497b66d609393b40b564ed0d674909a68ebf16a"},
]

[[package]]
name = "python-multipart"
version = "0.0.17"
requires_python = ">=3.8"
summary = "A streaming multipart parser for Python"
groups = ["default"]
files = [
    {file = "python_multipart-0.0.17-py3-none-any.whl", hash = "sha256:15dc4f487e0a9476cc1201261188ee0940165cffc94429b6fc565c4d3045cb5d"},
    {file = "python_multipart-0.0.17.tar.gz", hash = "sha256:41330d831cae6e2f22902704ead2826ea038d0419530eadff3ea80175aec5538"},
]

[[package]]
name = "ruff"
version = "0.8.0"
requires_python = ">=3.7"
summary = "An extremely fast Python linter and code formatter, written in Rust."
groups = ["dev"]
files = [
    {file = "ruff-0.8.0-py3-none-linux_armv6l.whl", hash = "sha256:fcb1bf2cc6706adae9d79c8d86478677e3bbd4ced796ccad106fd4776d395fea"},
    {file = "ruff-0.8.0-py3-none-macosx_10_12_x86_64.whl", hash = "sha256:295bb4c02d58ff2ef4378a1870c20af30723013f441c9d1637a008baaf928c8b"},
    {file = "ruff-0.8.0-py3-none-macosx_11_0_arm64.whl", hash = "sha256:7b1f1c76b47c18fa92ee78b60d2d20d7e866c55ee603e7d19c1e991fad933a9a"},
    {file = "ruff-0.8.0-py3-none-manylinux_2_17_aarch64.manylinux2014_aarch64.whl", hash = "sha256:eb0d4f250a7711b67ad513fde67e8870109e5ce590a801c3722580fe98c33a99"},
    {file = "ruff-0.8.0-py3-none-manylinux_2_17_armv7l.manylinux2014_armv7l.whl", hash = "sha256:0e55cce9aa93c5d0d4e3937e47b169035c7e91c8655b0974e61bb79cf398d49c"},
    {file = "ruff-0.8.0-py3-none-manylinux_2_17_i686.manylinux2014_i686.whl", hash = "sha256:3f4cd64916d8e732ce6b87f3f5296a8942d285bbbc161acee7fe561134af64f9"},
    {file = "ruff-0.8.0-py3-none-manylinux_2_17_ppc64.manylinux2014_ppc64.whl", hash = "sha256:c5c1466be2a2ebdf7c5450dd5d980cc87c8ba6976fb82582fea18823da6fa362"},
    {file = "ruff-0.8.0-py3-none-manylinux_2_17_ppc64le.manylinux2014_ppc64le.whl", hash = "sha256:2dabfd05b96b7b8f2da00d53c514eea842bff83e41e1cceb08ae1966254a51df"},
    {file = "ruff-0.8.0-py3-none-manylinux_2_17_s390x.manylinux2014_s390x.whl", hash = "sha256:facebdfe5a5af6b1588a1d26d170635ead6892d0e314477e80256ef4a8470cf3"},
    {file = "ruff-0.8.0-py3-none-manylinux_2_17_x86_64.manylinux2014_x86_64.whl", hash = "sha256:87a8e86bae0dbd749c815211ca11e3a7bd559b9710746c559ed63106d382bd9c"},
    {file = "ruff-0.8.0-py3-none-musllinux_1_2_aarch64.whl", hash = "sha256:85e654f0ded7befe2d61eeaf3d3b1e4ef3894469cd664ffa85006c7720f1e4a2"},
    {file = "ruff-0.8.0-py3-none-musllinux_1_2_armv7l.whl", hash = "sha256:83a55679c4cb449fa527b8497cadf54f076603cc36779b2170b24f704171ce70"},
    {file = "ruff-0.8.0-py3-none-musllinux_1_2_i686.whl", hash = "sha256:812e2052121634cf13cd6fddf0c1871d0ead1aad40a1a258753c04c18bb71bbd"},
    {file = "ruff-0.8.0-py3-none-musllinux_1_2_x86_64.whl", hash = "sha256:780d5d8523c04202184405e60c98d7595bdb498c3c6abba3b6d4cdf2ca2af426"},
    {file = "ruff-0.8.0-py3-none-win32.whl", hash = "sha256:5fdb6efecc3eb60bba5819679466471fd7d13c53487df7248d6e27146e985468"},
    {file = "ruff-0.8.0-py3-none-win_amd64.whl", hash = "sha256:582891c57b96228d146725975fbb942e1f30a0c4ba19722e692ca3eb25cc9b4f"},
    {file = "ruff-0.8.0-py3-none-win_arm64.whl", hash = "sha256:ba93e6294e9a737cd726b74b09a6972e36bb511f9a102f1d9a7e1ce94dd206a6"},
    {file = "ruff-0.8.0.tar.gz", hash = "sha256:a7ccfe6331bf8c8dad715753e157457faf7351c2b69f62f32c165c2dbcbacd44"},
]

[[package]]
name = "shiboken6"
version = "6.7.3"
requires_python = "<3.13,>=3.9"
summary = "Python/C++ bindings helper module"
groups = ["default"]
files = [
    {file = "shiboken6-6.7.3-cp39-abi3-macosx_11_0_universal2.whl", hash = "sha256:285fe3cf79be3135fe1ad1e2b9ff6db3a48698887425af6aa6ed7a05a9abc3d6"},
    {file = "shiboken6-6.7.3-cp39-abi3-manylinux_2_28_x86_64.whl", hash = "sha256:f0852e5781de78be5b13c140ec4c7fb9734e2aaf2986eb2d6a224363e03efccc"},
    {file = "shiboken6-6.7.3-cp39-abi3-manylinux_2_31_aarch64.whl", hash = "sha256:f0dd635178e64a45be2f84c9f33dd79ac30328da87f834f21a0baf69ae210e6e"},
    {file = "shiboken6-6.7.3-cp39-abi3-win_amd64.whl", hash = "sha256:5f29325dfa86fde0274240f1f38e421303749d3174ce3ada178715b5f4719db9"},
]

[[package]]
name = "sniffio"
version = "1.3.1"
requires_python = ">=3.7"
summary = "Sniff out which async library your code is running under"
groups = ["default"]
files = [
    {file = "sniffio-1.3.1-py3-none-any.whl", hash = "sha256:2f6da418d1f1e0fddd844478f41680e794e6051915791a034ff65e5f100525a2"},
    {file = "sniffio-1.3.1.tar.gz", hash = "sha256:f4324edc670a0f49750a81b895f35c3adb843cca46f0530f79fc1babb23789dc"},
]

[[package]]
name = "starlette"
version = "0.41.3"
requires_python = ">=3.8"
summary = "The little ASGI library that shines."
groups = ["default"]
dependencies = [
    "anyio<5,>=3.4.0",
    "typing-extensions>=3.10.0; python_version < \"3.10\"",
]
files = [
    {file = "starlette-0.41.3-py3-none-any.whl", hash = "sha256:44cedb2b7c77a9de33a8b74b2b90e9f50d11fcf25d8270ea525ad71a25374ff7"},
    {file = "starlette-0.41.3.tar.gz", hash = "sha256:0e4ab3d16522a255be6b28260b938eae2482f98ce5cc934cb08dce8dc3ba5835"},
]

[[package]]
name = "toml-fmt-common"
version = "1.0.1"
requires_python = ">=3.9"
summary = "Common logic to the TOML formatter."
groups = ["dev"]
dependencies = [
    "tomli>=2.0.2; python_version < \"3.11\"",
]
files = [
    {file = "toml_fmt_common-1.0.1-py3-none-any.whl", hash = "sha256:7a6542e36a7167fa94b8b997d3f8debadbb4ab757c7d78a77304579bd7a0cc7d"},
    {file = "toml_fmt_common-1.0.1.tar.gz", hash = "sha256:7a29e99e527ffac456043296a0f1d8c03aaa1b06167bd39ad5e3cc5041f31c17"},
]

[[package]]
name = "typeguard"
version = "4.4.1"
requires_python = ">=3.9"
summary = "Run-time type checker for Python"
groups = ["default"]
dependencies = [
    "importlib-metadata>=3.6; python_version < \"3.10\"",
    "typing-extensions>=4.10.0",
]
files = [
    {file = "typeguard-4.4.1-py3-none-any.whl", hash = "sha256:9324ec07a27ec67fc54a9c063020ca4c0ae6abad5e9f0f9804ca59aee68c6e21"},
    {file = "typeguard-4.4.1.tar.gz", hash = "sha256:0d22a89d00b453b47c49875f42b6601b961757541a2e1e0ef517b6e24213c21b"},
]

[[package]]
name = "typing-extensions"
version = "4.12.2"
requires_python = ">=3.8"
summary = "Backported and Experimental Type Hints for Python 3.8+"
groups = ["default", "dev"]
files = [
    {file = "typing_extensions-4.12.2-py3-none-any.whl", hash = "sha256:04e5ca0351e0f3f85c6853954072df659d0d13fac324d0072316b67d7794700d"},
    {file = "typing_extensions-4.12.2.tar.gz", hash = "sha256:1a7ead55c7e559dd4dee8856e3a88b41225abfe1ce8df57b7c13915fe121ffb8"},
]

[[package]]
name = "uvicorn"
version = "0.32.1"
requires_python = ">=3.8"
summary = "The lightning-fast ASGI server."
groups = ["default"]
dependencies = [
    "click>=7.0",
    "h11>=0.8",
    "typing-extensions>=4.0; python_version < \"3.11\"",
]
files = [
    {file = "uvicorn-0.32.1-py3-none-any.whl", hash = "sha256:82ad92fd58da0d12af7482ecdb5f2470a04c9c9a53ced65b9bbb4a205377602e"},
    {file = "uvicorn-0.32.1.tar.gz", hash = "sha256:ee9519c246a72b1c084cea8d3b44ed6026e78a4a309cbedae9c37e4cb9fbb175"},
]
